FORGE
  remote: http://forge.puppetlabs.com
  specs:
    puppetlabs/ntp (0.0.3)
      puppetlabs/stdlib (>= 0.1.6)
    puppetlabs/stdlib (4.1.0)

GIT
  remote: git://github.com/saz/puppet-timezone
  ref: master
  sha: aeeaa520b611d2531e37e3979efd8a739d15330f
  specs:
    timezone (2.0.0)

GIT
  remote: http://github.com/maestrodev/puppet-wget.git
  ref: master
  sha: 46cdd12651f5e19a13f590b81dacb4af109255e3
  specs:
    wget (1.3.2)

GIT
  remote: http://github.com/puppetlabs/puppetlabs-nginx
  ref: master
  sha: 08fa770406d0a5b5056a02375d9b2d3e6d32be09
  specs:
    nginx (0.0.2)
      puppetlabs/stdlib (>= 0.1.6)

DEPENDENCIES
  nginx (>= 0)
  puppetlabs/ntp (= 0.0.3)
  timezone (>= 0)
  wget (>= 0)

